
Microsoft Visual Studio Solution File, Format Version 12.00
# Visual Studio Version 16
VisualStudioVersion = 16.0.29306.81
MinimumVisualStudioVersion = 10.0.40219.1
Project("{FAE04EC0-301F-11D3-BF4B-00C04F79EFBC}") = "Proyecto", "Proyecto\Proyecto.csproj", "{9155498C-D5E5-4038-855C-30151B24B10F}"
EndProject
Global
	GlobalSection(SolutionConfigurationPlatforms) = preSolution
		Debug|Any CPU = Debug|Any CPU
		Release|Any CPU = Release|Any CPU
	EndGlobalSection
	GlobalSection(ProjectConfigurationPlatforms) = postSolution
		{9155498C-D5E5-4038-855C-30151B24B10F}.Debug|Any CPU.ActiveCfg = Debug|Any CPU
		{9155498C-D5E5-4038-855C-30151B24B10F}.Debug|Any CPU.Build.0 = Debug|Any CPU
		{9155498C-D5E5-4038-855C-30151B24B10F}.Release|Any CPU.ActiveCfg = Release|Any CPU
		{9155498C-D5E5-4038-855C-30151B24B10F}.Release|Any CPU.Build.0 = Release|Any CPU
	EndGlobalSection
	GlobalSection(SolutionProperties) = preSolution
		HideSolutionNode = FALSE
	EndGlobalSection
	GlobalSection(ExtensibilityGlobals) = postSolution
		SolutionGuid = {E0D0CCC9-E200-4872-8A0E-DF7F67EE1ED5}
	EndGlobalSection
EndGlobal
